// !$*UTF8*$!
{
	archiveVersion = 1;
	classes = {
	};
	objectVersion = 50;
	objects = {

/* Begin PBXBuildFile section */
		FDE41B9824123F25005948FC /* AppDelegate.swift in Sources */ = {isa = PBXBuildFile; fileRef = FDE41B9724123F25005948FC /* AppDelegate.swift */; };
		FDE41B9A24123F25005948FC /* SceneDelegate.swift in Sources */ = {isa = PBXBuildFile; fileRef = FDE41B9924123F25005948FC /* SceneDelegate.swift */; };
		FDE41B9C24123F25005948FC /* ViewController.swift in Sources */ = {isa = PBXBuildFile; fileRef = FDE41B9B24123F25005948FC /* ViewController.swift */; };
		FDE41B9F24123F25005948FC /* Main.storyboard in Resources */ = {isa = PBXBuildFile; fileRef = FDE41B9D24123F25005948FC /* Main.storyboard */; };
		FDE41BA124123F28005948FC /* Assets.xcassets in Resources */ = {isa = PBXBuildFile; fileRef = FDE41BA024123F28005948FC /* Assets.xcassets */; };
		FDE41BA424123F28005948FC /* LaunchScreen.storyboard in Resources */ = {isa = PBXBuildFile; fileRef = FDE41BA224123F28005948FC /* LaunchScreen.storyboard */; };
		FDE41BAF24123F28005948FC /* ConcentrationTests.swift in Sources */ = {isa = PBXBuildFile; fileRef = FDE41BAE24123F28005948FC /* ConcentrationTests.swift */; };
		FDE41BBA24123F28005948FC /* ConcentrationUITests.swift in Sources */ = {isa = PBXBuildFile; fileRef = FDE41BB924123F28005948FC /* ConcentrationUITests.swift */; };
/* End PBXBuildFile section */

/* Begin PBXContainerItemProxy section */
		FDE41BAB24123F28005948FC /* PBXContainerItemProxy */ = {
			isa = PBXContainerItemProxy;
			containerPortal = FDE41B8C24123F25005948FC /* Project object */;
			proxyType = 1;
			remoteGlobalIDString = FDE41B9324123F25005948FC;
			remoteInfo = Concentration;
		};
		FDE41BB624123F28005948FC /* PBXContainerItemProxy */ = {
			isa = PBXContainerItemProxy;
			containerPortal = FDE41B8C24123F25005948FC /* Project object */;
			proxyType = 1;
			remoteGlobalIDString = FDE41B9324123F25005948FC;
			remoteInfo = Concentration;
		};
/* End PBXContainerItemProxy section */

/* Begin PBXFileReference section */
		FDE41B9424123F25005948FC /* Concentration.app */ = {isa = PBXFileReference; explicitFileType = wrapper.application; includeInIndex = 0; path = Concentration.app; sourceTree = BUILT_PRODUCTS_DIR; };
		FDE41B9724123F25005948FC /* AppDelegate.swift */ = {isa = PBXFileReference; lastKnownFileType = sourcecode.swift; path = AppDelegate.swift; sourceTree = "<group>"; };
		FDE41B9924123F25005948FC /* SceneDelegate.swift */ = {isa = PBXFileReference; lastKnownFileType = sourcecode.swift; path = SceneDelegate.swift; sourceTree = "<group>"; };
		FDE41B9B24123F25005948FC /* ViewController.swift */ = {isa = PBXFileReference; lastKnownFileType = sourcecode.swift; path = ViewController.swift; sourceTree = "<group>"; };
		FDE41B9E24123F25005948FC /* Base */ = {isa = PBXFileReference; lastKnownFileType = file.storyboard; name = Base; path = Base.lproj/Main.storyboard; sourceTree = "<group>"; };
		FDE41BA024123F28005948FC /* Assets.xcassets */ = {isa = PBXFileReference; lastKnownFileType = folder.assetcatalog; path = Assets.xcassets; sourceTree = "<group>"; };
		FDE41BA324123F28005948FC /* Base */ = {isa = PBXFileReference; lastKnownFileType = file.storyboard; name = Base; path = Base.lproj/LaunchScreen.storyboard; sourceTree = "<group>"; };
		FDE41BA524123F28005948FC /* Info.plist */ = {isa = PBXFileReference; lastKnownFileType = text.plist.xml; path = Info.plist; sourceTree = "<group>"; };
		FDE41BAA24123F28005948FC /* ConcentrationTests.xctest */ = {isa = PBXFileReference; explicitFileType = wrapper.cfbundle; includeInIndex = 0; path = ConcentrationTests.xctest; sourceTree = BUILT_PRODUCTS_DIR; };
		FDE41BAE24123F28005948FC /* ConcentrationTests.swift */ = {isa = PBXFileReference; lastKnownFileType = sourcecode.swift; path = ConcentrationTests.swift; sourceTree = "<group>"; };
		FDE41BB024123F28005948FC /* Info.plist */ = {isa = PBXFileReference; lastKnownFileType = text.plist.xml; path = Info.plist; sourceTree = "<group>"; };
		FDE41BB524123F28005948FC /* ConcentrationUITests.xctest */ = {isa = PBXFileReference; explicitFileType = wrapper.cfbundle; includeInIndex = 0; path = ConcentrationUITests.xctest; sourceTree = BUILT_PRODUCTS_DIR; };
		FDE41BB924123F28005948FC /* ConcentrationUITests.swift */ = {isa = PBXFileReference; lastKnownFileType = sourcecode.swift; path = ConcentrationUITests.swift; sourceTree = "<group>"; };
		FDE41BBB24123F28005948FC /* Info.plist */ = {isa = PBXFileReference; lastKnownFileType = text.plist.xml; path = Info.plist; sourceTree = "<group>"; };
/* End PBXFileReference section */

/* Begin PBXFrameworksBuildPhase section */
		FDE41B9124123F25005948FC /* Frameworks */ = {
			isa = PBXFrameworksBuildPhase;
			buildActionMask = 2147483647;
			files = (
			);
			runOnlyForDeploymentPostprocessing = 0;
		};
		FDE41BA724123F28005948FC /* Frameworks */ = {
			isa = PBXFrameworksBuildPhase;
			buildActionMask = 2147483647;
			files = (
			);
			runOnlyForDeploymentPostprocessing = 0;
		};
		FDE41BB224123F28005948FC /* Frameworks */ = {
			isa = PBXFrameworksBuildPhase;
			buildActionMask = 2147483647;
			files = (
			);
			runOnlyForDeploymentPostprocessing = 0;
		};
/* End PBXFrameworksBuildPhase section */

/* Begin PBXGroup section */
		FDE41B8B24123F25005948FC = {
			isa = PBXGroup;
			children = (
				FDE41B9624123F25005948FC /* Concentration */,
				FDE41BAD24123F28005948FC /* ConcentrationTests */,
				FDE41BB824123F28005948FC /* ConcentrationUITests */,
				FDE41B9524123F25005948FC /* Products */,
			);
			sourceTree = "<group>";
		};
		FDE41B9524123F25005948FC /* Products */ = {
			isa = PBXGroup;
			children = (
				FDE41B9424123F25005948FC /* Concentration.app */,
				FDE41BAA24123F28005948FC /* ConcentrationTests.xctest */,
				FDE41BB524123F28005948FC /* ConcentrationUITests.xctest */,
			);
			name = Products;
			sourceTree = "<group>";
		};
		FDE41B9624123F25005948FC /* Concentration */ = {
			isa = PBXGroup;
			children = (
				FDE41BC724124067005948FC /* Supporting Files */,
				FDE41B9B24123F25005948FC /* ViewController.swift */,
				FDE41B9D24123F25005948FC /* Main.storyboard */,
				FDE41BA524123F28005948FC /* Info.plist */,
			);
			path = Concentration;
			sourceTree = "<group>";
		};
		FDE41BAD24123F28005948FC /* ConcentrationTests */ = {
			isa = PBXGroup;
			children = (
				FDE41BAE24123F28005948FC /* ConcentrationTests.swift */,
				FDE41BB024123F28005948FC /* Info.plist */,
			);
			path = ConcentrationTests;
			sourceTree = "<group>";
		};
		FDE41BB824123F28005948FC /* ConcentrationUITests */ = {
			isa = PBXGroup;
			children = (
				FDE41BB924123F28005948FC /* ConcentrationUITests.swift */,
				FDE41BBB24123F28005948FC /* Info.plist */,
			);
			path = ConcentrationUITests;
			sourceTree = "<group>";
		};
		FDE41BC724124067005948FC /* Supporting Files */ = {
			isa = PBXGroup;
			children = (
				FDE41B9724123F25005948FC /* AppDelegate.swift */,
				FDE41B9924123F25005948FC /* SceneDelegate.swift */,
				FDE41BA024123F28005948FC /* Assets.xcassets */,
				FDE41BA224123F28005948FC /* LaunchScreen.storyboard */,
			);
			path = "Supporting Files";
			sourceTree = "<group>";
		};
/* End PBXGroup section */

/* Begin PBXNativeTarget section */
		FDE41B9324123F25005948FC /* Concentration */ = {
			isa = PBXNativeTarget;
			buildConfigurationList = FDE41BBE24123F28005948FC /* Build configuration list for PBXNativeTarget "Concentration" */;
			buildPhases = (
				FDE41B9024123F25005948FC /* Sources */,
				FDE41B9124123F25005948FC /* Frameworks */,
				FDE41B9224123F25005948FC /* Resources */,
			);
			buildRules = (
			);
			dependencies = (
			);
			name = Concentration;
			productName = Concentration;
			productReference = FDE41B9424123F25005948FC /* Concentration.app */;
			productType = "com.apple.product-type.application";
		};
		FDE41BA924123F28005948FC /* ConcentrationTests */ = {
			isa = PBXNativeTarget;
			buildConfigurationList = FDE41BC124123F28005948FC /* Build configuration list for PBXNativeTarget "ConcentrationTests" */;
			buildPhases = (
				FDE41BA624123F28005948FC /* Sources */,
				FDE41BA724123F28005948FC /* Frameworks */,
				FDE41BA824123F28005948FC /* Resources */,
			);
			buildRules = (
			);
			dependencies = (
				FDE41BAC24123F28005948FC /* PBXTargetDependency */,
			);
			name = ConcentrationTests;
			productName = ConcentrationTests;
			productReference = FDE41BAA24123F28005948FC /* ConcentrationTests.xctest */;
			productType = "com.apple.product-type.bundle.unit-test";
		};
		FDE41BB424123F28005948FC /* ConcentrationUITests */ = {
			isa = PBXNativeTarget;
			buildConfigurationList = FDE41BC424123F28005948FC /* Build configuration list for PBXNativeTarget "ConcentrationUITests" */;
			buildPhases = (
				FDE41BB124123F28005948FC /* Sources */,
				FDE41BB224123F28005948FC /* Frameworks */,
				FDE41BB324123F28005948FC /* Resources */,
			);
			buildRules = (
			);
			dependencies = (
				FDE41BB724123F28005948FC /* PBXTargetDependency */,
			);
			name = ConcentrationUITests;
			productName = ConcentrationUITests;
			productReference = FDE41BB524123F28005948FC /* ConcentrationUITests.xctest */;
			productType = "com.apple.product-type.bundle.ui-testing";
		};
/* End PBXNativeTarget section */

/* Begin PBXProject section */
		FDE41B8C24123F25005948FC /* Project object */ = {
			isa = PBXProject;
			attributes = {
				LastSwiftUpdateCheck = 1130;
				LastUpgradeCheck = 1130;
				ORGANIZATIONNAME = "송지훈";
				TargetAttributes = {
					FDE41B9324123F25005948FC = {
						CreatedOnToolsVersion = 11.3.1;
					};
					FDE41BA924123F28005948FC = {
						CreatedOnToolsVersion = 11.3.1;
						TestTargetID = FDE41B9324123F25005948FC;
					};
					FDE41BB424123F28005948FC = {
						CreatedOnToolsVersion = 11.3.1;
						TestTargetID = FDE41B9324123F25005948FC;
					};
				};
			};
			buildConfigurationList = FDE41B8F24123F25005948FC /* Build configuration list for PBXProject "Concentration" */;
			compatibilityVersion = "Xcode 9.3";
			developmentRegion = en;
			hasScannedForEncodings = 0;
			knownRegions = (
				en,
				Base,
			);
			mainGroup = FDE41B8B24123F25005948FC;
			productRefGroup = FDE41B9524123F25005948FC /* Products */;
			projectDirPath = "";
			projectRoot = "";
			targets = (
				FDE41B9324123F25005948FC /* Concentration */,
				FDE41BA924123F28005948FC /* ConcentrationTests */,
				FDE41BB424123F28005948FC /* ConcentrationUITests */,
			);
		};
/* End PBXProject section */

/* Begin PBXResourcesBuildPhase section */
		FDE41B9224123F25005948FC /* Resources */ = {
			isa = PBXResourcesBuildPhase;
			buildActionMask = 2147483647;
			files = (
				FDE41BA424123F28005948FC /* LaunchScreen.storyboard in Resources */,
				FDE41BA124123F28005948FC /* Assets.xcassets in Resources */,
				FDE41B9F24123F25005948FC /* Main.storyboard in Resources */,
			);
			runOnlyForDeploymentPostprocessing = 0;
		};
		FDE41BA824123F28005948FC /* Resources */ = {
			isa = PBXResourcesBuildPhase;
			buildActionMask = 2147483647;
			files = (
			);
			runOnlyForDeploymentPostprocessing = 0;
		};
		FDE41BB324123F28005948FC /* Resources */ = {
			isa = PBXResourcesBuildPhase;
			buildActionMask = 2147483647;
			files = (
			);
			runOnlyForDeploymentPostprocessing = 0;
		};
/* End PBXResourcesBuildPhase section */

/* Begin PBXSourcesBuildPhase section */
		FDE41B9024123F25005948FC /* Sources */ = {
			isa = PBXSourcesBuildPhase;
			buildActionMask = 2147483647;
			files = (
				FDE41B9C24123F25005948FC /* ViewController.swift in Sources */,
				FDE41B9824123F25005948FC /* AppDelegate.swift in Sources */,
				FDE41B9A24123F25005948FC /* SceneDelegate.swift in Sources */,
			);
			runOnlyForDeploymentPostprocessing = 0;
		};
		FDE41BA624123F28005948FC /* Sources */ = {
			isa = PBXSourcesBuildPhase;
			buildActionMask = 2147483647;
			files = (
				FDE41BAF24123F28005948FC /* ConcentrationTests.swift in Sources */,
			);
			runOnlyForDeploymentPostprocessing = 0;
		};
		FDE41BB124123F28005948FC /* Sources */ = {
			isa = PBXSourcesBuildPhase;
			buildActionMask = 2147483647;
			files = (
				FDE41BBA24123F28005948FC /* ConcentrationUITests.swift in Sources */,
			);
			runOnlyForDeploymentPostprocessing = 0;
		};
/* End PBXSourcesBuildPhase section */

/* Begin PBXTargetDependency section */
		FDE41BAC24123F28005948FC /* PBXTargetDependency */ = {
			isa = PBXTargetDependency;
			target = FDE41B9324123F25005948FC /* Concentration */;
			targetProxy = FDE41BAB24123F28005948FC /* PBXContainerItemProxy */;
		};
		FDE41BB724123F28005948FC /* PBXTargetDependency */ = {
			isa = PBXTargetDependency;
			target = FDE41B9324123F25005948FC /* Concentration */;
			targetProxy = FDE41BB624123F28005948FC /* PBXContainerItemProxy */;
		};
/* End PBXTargetDependency section */

/* Begin PBXVariantGroup section */
		FDE41B9D24123F25005948FC /* Main.storyboard */ = {
			isa = PBXVariantGroup;
			children = (
				FDE41B9E24123F25005948FC /* Base */,
			);
			name = Main.storyboard;
			sourceTree = "<group>";
		};
		FDE41BA224123F28005948FC /* LaunchScreen.storyboard */ = {
			isa = PBXVariantGroup;
			children = (
				FDE41BA324123F28005948FC /* Base */,
			);
			name = LaunchScreen.storyboard;
			sourceTree = "<group>";
		};
/* End PBXVariantGroup section */

/* Begin XCBuildConfiguration section */
		FDE41BBC24123F28005948FC /* Debug */ = {
			isa = XCBuildConfiguration;
			buildSettings = {
				ALWAYS_SEARCH_USER_PATHS = NO;
				CLANG_ANALYZER_NONNULL = YES;
				CLANG_ANALYZER_NUMBER_OBJECT_CONVERSION = YES_AGGRESSIVE;
				CLANG_CXX_LANGUAGE_STANDARD = "gnu++14";
				CLANG_CXX_LIBRARY = "libc++";
				CLANG_ENABLE_MODULES = YES;
				CLANG_ENABLE_OBJC_ARC = YES;
				CLANG_ENABLE_OBJC_WEAK = YES;
				CLANG_WARN_BLOCK_CAPTURE_AUTORELEASING = YES;
				CLANG_WARN_BOOL_CONVERSION = YES;
				CLANG_WARN_COMMA = YES;
				CLANG_WARN_CONSTANT_CONVERSION = YES;
				CLANG_WARN_DEPRECATED_OBJC_IMPLEMENTATIONS = YES;
				CLANG_WARN_DIRECT_OBJC_ISA_USAGE = YES_ERROR;
				CLANG_WARN_DOCUMENTATION_COMMENTS = YES;
				CLANG_WARN_EMPTY_BODY = YES;
				CLANG_WARN_ENUM_CONVERSION = YES;
				CLANG_WARN_INFINITE_RECURSION = YES;
				CLANG_WARN_INT_CONVERSION = YES;
				CLANG_WARN_NON_LITERAL_NULL_CONVERSION = YES;
				CLANG_WARN_OBJC_IMPLICIT_RETAIN_SELF = YES;
				CLANG_WARN_OBJC_LITERAL_CONVERSION = YES;
				CLANG_WARN_OBJC_ROOT_CLASS = YES_ERROR;
				CLANG_WARN_RANGE_LOOP_ANALYSIS = YES;
				CLANG_WARN_STRICT_PROTOTYPES = YES;
				CLANG_WARN_SUSPICIOUS_MOVE = YES;
				CLANG_WARN_UNGUARDED_AVAILABILITY = YES_AGGRESSIVE;
				CLANG_WARN_UNREACHABLE_CODE = YES;
				CLANG_WARN__DUPLICATE_METHOD_MATCH = YES;
				COPY_PHASE_STRIP = NO;
				DEBUG_INFORMATION_FORMAT = dwarf;
				ENABLE_STRICT_OBJC_MSGSEND = YES;
				ENABLE_TESTABILITY = YES;
				GCC_C_LANGUAGE_STANDARD = gnu11;
				GCC_DYNAMIC_NO_PIC = NO;
				GCC_NO_COMMON_BLOCKS = YES;
				GCC_OPTIMIZATION_LEVEL = 0;
				GCC_PREPROCESSOR_DEFINITIONS = (
					"DEBUG=1",
					"$(inherited)",
				);
				GCC_WARN_64_TO_32_BIT_CONVERSION = YES;
				GCC_WARN_ABOUT_RETURN_TYPE = YES_ERROR;
				GCC_WARN_UNDECLARED_SELECTOR = YES;
				GCC_WARN_UNINITIALIZED_AUTOS = YES_AGGRESSIVE;
				GCC_WARN_UNUSED_FUNCTION = YES;
				GCC_WARN_UNUSED_VARIABLE = YES;
				IPHONEOS_DEPLOYMENT_TARGET = 13.2;
				MTL_ENABLE_DEBUG_INFO = INCLUDE_SOURCE;
				MTL_FAST_MATH = YES;
				ONLY_ACTIVE_ARCH = YES;
				SDKROOT = iphoneos;
				SWIFT_ACTIVE_COMPILATION_CONDITIONS = DEBUG;
				SWIFT_OPTIMIZATION_LEVEL = "-Onone";
			};
			name = Debug;
		};
		FDE41BBD24123F28005948FC /* Release */ = {
			isa = XCBuildConfiguration;
			buildSettings = {
				ALWAYS_SEARCH_USER_PATHS = NO;
				CLANG_ANALYZER_NONNULL = YES;
				CLANG_ANALYZER_NUMBER_OBJECT_CONVERSION = YES_AGGRESSIVE;
				CLANG_CXX_LANGUAGE_STANDARD = "gnu++14";
				CLANG_CXX_LIBRARY = "libc++";
				CLANG_ENABLE_MODULES = YES;
				CLANG_ENABLE_OBJC_ARC = YES;
				CLANG_ENABLE_OBJC_WEAK = YES;
				CLANG_WARN_BLOCK_CAPTURE_AUTORELEASING = YES;
				CLANG_WARN_BOOL_CONVERSION = YES;
				CLANG_WARN_COMMA = YES;
				CLANG_WARN_CONSTANT_CONVERSION = YES;
				CLANG_WARN_DEPRECATED_OBJC_IMPLEMENTATIONS = YES;
				CLANG_WARN_DIRECT_OBJC_ISA_USAGE = YES_ERROR;
				CLANG_WARN_DOCUMENTATION_COMMENTS = YES;
				CLANG_WARN_EMPTY_BODY = YES;
				CLANG_WARN_ENUM_CONVERSION = YES;
				CLANG_WARN_INFINITE_RECURSION = YES;
				CLANG_WARN_INT_CONVERSION = YES;
				CLANG_WARN_NON_LITERAL_NULL_CONVERSION = YES;
				CLANG_WARN_OBJC_IMPLICIT_RETAIN_SELF = YES;
				CLANG_WARN_OBJC_LITERAL_CONVERSION = YES;
				CLANG_WARN_OBJC_ROOT_CLASS = YES_ERROR;
				CLANG_WARN_RANGE_LOOP_ANALYSIS = YES;
				CLANG_WARN_STRICT_PROTOTYPES = YES;
				CLANG_WARN_SUSPICIOUS_MOVE = YES;
				CLANG_WARN_UNGUARDED_AVAILABILITY = YES_AGGRESSIVE;
				CLANG_WARN_UNREACHABLE_CODE = YES;
				CLANG_WARN__DUPLICATE_METHOD_MATCH = YES;
				COPY_PHASE_STRIP = NO;
				DEBUG_INFORMATION_FORMAT = "dwarf-with-dsym";
				ENABLE_NS_ASSERTIONS = NO;
				ENABLE_STRICT_OBJC_MSGSEND = YES;
				GCC_C_LANGUAGE_STANDARD = gnu11;
				GCC_NO_COMMON_BLOCKS = YES;
				GCC_WARN_64_TO_32_BIT_CONVERSION = YES;
				GCC_WARN_ABOUT_RETURN_TYPE = YES_ERROR;
				GCC_WARN_UNDECLARED_SELECTOR = YES;
				GCC_WARN_UNINITIALIZED_AUTOS = YES_AGGRESSIVE;
				GCC_WARN_UNUSED_FUNCTION = YES;
				GCC_WARN_UNUSED_VARIABLE = YES;
				IPHONEOS_DEPLOYMENT_TARGET = 13.2;
				MTL_ENABLE_DEBUG_INFO = NO;
				MTL_FAST_MATH = YES;
				SDKROOT = iphoneos;
				SWIFT_COMPILATION_MODE = wholemodule;
				SWIFT_OPTIMIZATION_LEVEL = "-O";
				VALIDATE_PRODUCT = YES;
			};
			name = Release;
		};
		FDE41BBF24123F28005948FC /* Debug */ = {
			isa = XCBuildConfiguration;
			buildSettings = {
				ASSETCATALOG_COMPILER_APPICON_NAME = AppIcon;
				CODE_SIGN_STYLE = Automatic;
				DEVELOPMENT_TEAM = L9D5M5DM3Y;
				INFOPLIST_FILE = Concentration/Info.plist;
				LD_RUNPATH_SEARCH_PATHS = (
					"$(inherited)",
					"@executable_path/Frameworks",
				);
				PRODUCT_BUNDLE_IDENTIFIER = kone.Concentration;
				PRODUCT_NAME = "$(TARGET_NAME)";
				SWIFT_VERSION = 5.0;
				TARGETED_DEVICE_FAMILY = "1,2";
			};
			name = Debug;
		};
		FDE41BC024123F28005948FC /* Release */ = {
			isa = XCBuildConfiguration;
			buildSettings = {
				ASSETCATALOG_COMPILER_APPICON_NAME = AppIcon;
				CODE_SIGN_STYLE = Automatic;
				DEVELOPMENT_TEAM = L9D5M5DM3Y;
				INFOPLIST_FILE = Concentration/Info.plist;
				LD_RUNPATH_SEARCH_PATHS = (
					"$(inherited)",
					"@executable_path/Frameworks",
				);
				PRODUCT_BUNDLE_IDENTIFIER = kone.Concentration;
				PRODUCT_NAME = "$(TARGET_NAME)";
				SWIFT_VERSION = 5.0;
				TARGETED_DEVICE_FAMILY = "1,2";
			};
			name = Release;
		};
		FDE41BC224123F28005948FC /* Debug */ = {
			isa = XCBuildConfiguration;
			buildSettings = {
				ALWAYS_EMBED_SWIFT_STANDARD_LIBRARIES = YES;
				BUNDLE_LOADER = "$(TEST_HOST)";
				CODE_SIGN_STYLE = Automatic;
				DEVELOPMENT_TEAM = L9D5M5DM3Y;
				INFOPLIST_FILE = ConcentrationTests/Info.plist;
				IPHONEOS_DEPLOYMENT_TARGET = 13.2;
				LD_RUNPATH_SEARCH_PATHS = (
					"$(inherited)",
					"@executable_path/Frameworks",
					"@loader_path/Frameworks",
				);
				PRODUCT_BUNDLE_IDENTIFIER = kone.ConcentrationTests;
				PRODUCT_NAME = "$(TARGET_NAME)";
				SWIFT_VERSION = 5.0;
				TARGETED_DEVICE_FAMILY = "1,2";
				TEST_HOST = "$(BUILT_PRODUCTS_DIR)/Concentration.app/Concentration";
			};
			name = Debug;
		};
		FDE41BC324123F28005948FC /* Release */ = {
			isa = XCBuildConfiguration;
			buildSettings = {
				ALWAYS_EMBED_SWIFT_STANDARD_LIBRARIES = YES;
				BUNDLE_LOADER = "$(TEST_HOST)";
				CODE_SIGN_STYLE = Automatic;
				DEVELOPMENT_TEAM = L9D5M5DM3Y;
				INFOPLIST_FILE = ConcentrationTests/Info.plist;
				IPHONEOS_DEPLOYMENT_TARGET = 13.2;
				LD_RUNPATH_SEARCH_PATHS = (
					"$(inherited)",
					"@executable_path/Frameworks",
					"@loader_path/Frameworks",
				);
				PRODUCT_BUNDLE_IDENTIFIER = kone.ConcentrationTests;
				PRODUCT_NAME = "$(TARGET_NAME)";
				SWIFT_VERSION = 5.0;
				TARGETED_DEVICE_FAMILY = "1,2";
				TEST_HOST = "$(BUILT_PRODUCTS_DIR)/Concentration.app/Concentration";
			};
			name = Release;
		};
		FDE41BC524123F28005948FC /* Debug */ = {
			isa = XCBuildConfiguration;
			buildSettings = {
				ALWAYS_EMBED_SWIFT_STANDARD_LIBRARIES = YES;
				CODE_SIGN_STYLE = Automatic;
				DEVELOPMENT_TEAM = L9D5M5DM3Y;
				INFOPLIST_FILE = ConcentrationUITests/Info.plist;
				LD_RUNPATH_SEARCH_PATHS = (
					"$(inherited)",
					"@executable_path/Frameworks",
					"@loader_path/Frameworks",
				);
				PRODUCT_BUNDLE_IDENTIFIER = kone.ConcentrationUITests;
				PRODUCT_NAME = "$(TARGET_NAME)";
				SWIFT_VERSION = 5.0;
				TARGETED_DEVICE_FAMILY = "1,2";
				TEST_TARGET_NAME = Concentration;
			};
			name = Debug;
		};
		FDE41BC624123F28005948FC /* Release */ = {
			isa = XCBuildConfiguration;
			buildSettings = {
				ALWAYS_EMBED_SWIFT_STANDARD_LIBRARIES = YES;
				CODE_SIGN_STYLE = Automatic;
				DEVELOPMENT_TEAM = L9D5M5DM3Y;
				INFOPLIST_FILE = ConcentrationUITests/Info.plist;
				LD_RUNPATH_SEARCH_PATHS = (
					"$(inherited)",
					"@executable_path/Frameworks",
					"@loader_path/Frameworks",
				);
				PRODUCT_BUNDLE_IDENTIFIER = kone.ConcentrationUITests;
				PRODUCT_NAME = "$(TARGET_NAME)";
				SWIFT_VERSION = 5.0;
				TARGETED_DEVICE_FAMILY = "1,2";
				TEST_TARGET_NAME = Concentration;
			};
			name = Release;
		};
/* End XCBuildConfiguration section */

/* Begin XCConfigurationList section */
		FDE41B8F24123F25005948FC /* Build configuration list for PBXProject "Concentration" */ = {
			isa = XCConfigurationList;
			buildConfigurations = (
				FDE41BBC24123F28005948FC /* Debug */,
				FDE41BBD24123F28005948FC /* Release */,
			);
			defaultConfigurationIsVisible = 0;
			defaultConfigurationName = Release;
		};
		FDE41BBE24123F28005948FC /* Build configuration list for PBXNativeTarget "Concentration" */ = {
			isa = XCConfigurationList;
			buildConfigurations = (
				FDE41BBF24123F28005948FC /* Debug */,
				FDE41BC024123F28005948FC /* Release */,
			);
			defaultConfigurationIsVisible = 0;
			defaultConfigurationName = Release;
		};
		FDE41BC124123F28005948FC /* Build configuration list for PBXNativeTarget "ConcentrationTests" */ = {
			isa = XCConfigurationList;
			buildConfigurations = (
				FDE41BC224123F28005948FC /* Debug */,
				FDE41BC324123F28005948FC /* Release */,
			);
			defaultConfigurationIsVisible = 0;
			defaultConfigurationName = Release;
		};
		FDE41BC424123F28005948FC /* Build configuration list for PBXNativeTarget "ConcentrationUITests" */ = {
			isa = XCConfigurationList;
			buildConfigurations = (
				FDE41BC524123F28005948FC /* Debug */,
				FDE41BC624123F28005948FC /* Release */,
			);
			defaultConfigurationIsVisible = 0;
			defaultConfigurationName = Release;
		};
/* End XCConfigurationList section */
	};
	rootObject = FDE41B8C24123F25005948FC /* Project object */;
}
